
Microsoft Visual Studio Solution File, Format Version 12.00
# Visual Studio Version 16
VisualStudioVersion = 25.0.1703.7
MinimumVisualStudioVersion = 10.0.40219.1
Project("{FAE04EC0-301F-11D3-BF4B-00C04F79EFBC}") = "FactoryPattern", "FactoryPattern\FactoryPattern.csproj", "{1568EA8D-2CA3-4D86-A777-1E928328DCCF}"
EndProject
Project("{FAE04EC0-301F-11D3-BF4B-00C04F79EFBC}") = "AbstracFactoryPattern", "AbstracFactoryPattern\AbstracFactoryPattern.csproj", "{57841446-ACCD-433C-8750-B2E3320E2AF5}"
EndProject
Project("{FAE04EC0-301F-11D3-BF4B-00C04F79EFBC}") = "SingletonPattern", "SingletonPattern\SingletonPattern.csproj", "{9D55F8D9-283E-4214-8EC2-6C970FC9F127}"
EndProject
Project("{FAE04EC0-301F-11D3-BF4B-00C04F79EFBC}") = "BuilderPattern", "BuilderPattern\BuilderPattern.csproj", "{C333BF6C-D14D-4F2E-8400-CAA4F5DB4A18}"
EndProject
Project("{FAE04EC0-301F-11D3-BF4B-00C04F79EFBC}") = "PrototypePattern", "PrototypePattern\PrototypePattern.csproj", "{A838D963-DAB4-4E8A-B4C3-8B1CDA0B22D9}"
EndProject
Project("{FAE04EC0-301F-11D3-BF4B-00C04F79EFBC}") = "AdapterPattern", "AdapterPattern\AdapterPattern.csproj", "{A3BADBD3-5CC3-4B0E-87FE-3089AE4AFBF4}"
EndProject
Project("{FAE04EC0-301F-11D3-BF4B-00C04F79EFBC}") = "BridgePattern", "BridgePattern\BridgePattern.csproj", "{4D0E7592-29AC-4462-A0BE-D6021BF6C7EA}"
EndProject
Global
	GlobalSection(SolutionConfigurationPlatforms) = preSolution
		Debug|Any CPU = Debug|Any CPU
		Release|Any CPU = Release|Any CPU
	EndGlobalSection
	GlobalSection(ProjectConfigurationPlatforms) = postSolution
		{1568EA8D-2CA3-4D86-A777-1E928328DCCF}.Debug|Any CPU.ActiveCfg = Debug|Any CPU
		{1568EA8D-2CA3-4D86-A777-1E928328DCCF}.Debug|Any CPU.Build.0 = Debug|Any CPU
		{1568EA8D-2CA3-4D86-A777-1E928328DCCF}.Release|Any CPU.ActiveCfg = Release|Any CPU
		{1568EA8D-2CA3-4D86-A777-1E928328DCCF}.Release|Any CPU.Build.0 = Release|Any CPU
		{57841446-ACCD-433C-8750-B2E3320E2AF5}.Debug|Any CPU.ActiveCfg = Debug|Any CPU
		{57841446-ACCD-433C-8750-B2E3320E2AF5}.Debug|Any CPU.Build.0 = Debug|Any CPU
		{57841446-ACCD-433C-8750-B2E3320E2AF5}.Release|Any CPU.ActiveCfg = Release|Any CPU
		{57841446-ACCD-433C-8750-B2E3320E2AF5}.Release|Any CPU.Build.0 = Release|Any CPU
		{9D55F8D9-283E-4214-8EC2-6C970FC9F127}.Debug|Any CPU.ActiveCfg = Debug|Any CPU
		{9D55F8D9-283E-4214-8EC2-6C970FC9F127}.Debug|Any CPU.Build.0 = Debug|Any CPU
		{9D55F8D9-283E-4214-8EC2-6C970FC9F127}.Release|Any CPU.ActiveCfg = Release|Any CPU
		{9D55F8D9-283E-4214-8EC2-6C970FC9F127}.Release|Any CPU.Build.0 = Release|Any CPU
		{C333BF6C-D14D-4F2E-8400-CAA4F5DB4A18}.Debug|Any CPU.ActiveCfg = Debug|Any CPU
		{C333BF6C-D14D-4F2E-8400-CAA4F5DB4A18}.Debug|Any CPU.Build.0 = Debug|Any CPU
		{C333BF6C-D14D-4F2E-8400-CAA4F5DB4A18}.Release|Any CPU.ActiveCfg = Release|Any CPU
		{C333BF6C-D14D-4F2E-8400-CAA4F5DB4A18}.Release|Any CPU.Build.0 = Release|Any CPU
		{A838D963-DAB4-4E8A-B4C3-8B1CDA0B22D9}.Debug|Any CPU.ActiveCfg = Debug|Any CPU
		{A838D963-DAB4-4E8A-B4C3-8B1CDA0B22D9}.Debug|Any CPU.Build.0 = Debug|Any CPU
		{A838D963-DAB4-4E8A-B4C3-8B1CDA0B22D9}.Release|Any CPU.ActiveCfg = Release|Any CPU
		{A838D963-DAB4-4E8A-B4C3-8B1CDA0B22D9}.Release|Any CPU.Build.0 = Release|Any CPU
		{A3BADBD3-5CC3-4B0E-87FE-3089AE4AFBF4}.Debug|Any CPU.ActiveCfg = Debug|Any CPU
		{A3BADBD3-5CC3-4B0E-87FE-3089AE4AFBF4}.Debug|Any CPU.Build.0 = Debug|Any CPU
		{A3BADBD3-5CC3-4B0E-87FE-3089AE4AFBF4}.Release|Any CPU.ActiveCfg = Release|Any CPU
		{A3BADBD3-5CC3-4B0E-87FE-3089AE4AFBF4}.Release|Any CPU.Build.0 = Release|Any CPU
		{4D0E7592-29AC-4462-A0BE-D6021BF6C7EA}.Debug|Any CPU.ActiveCfg = Debug|Any CPU
		{4D0E7592-29AC-4462-A0BE-D6021BF6C7EA}.Debug|Any CPU.Build.0 = Debug|Any CPU
		{4D0E7592-29AC-4462-A0BE-D6021BF6C7EA}.Release|Any CPU.ActiveCfg = Release|Any CPU
		{4D0E7592-29AC-4462-A0BE-D6021BF6C7EA}.Release|Any CPU.Build.0 = Release|Any CPU
	EndGlobalSection
	GlobalSection(SolutionProperties) = preSolution
		HideSolutionNode = FALSE
	EndGlobalSection
	GlobalSection(ExtensibilityGlobals) = postSolution
		SolutionGuid = {052EB7A1-1043-47AF-9E26-40C22A91696B}
	EndGlobalSection
EndGlobal
